
Microsoft Visual Studio Solution File, Format Version 12.00
# Visual Studio Version 16
VisualStudioVersion = 16.0.31729.503
MinimumVisualStudioVersion = 10.0.40219.1
Project("{FAE04EC0-301F-11D3-BF4B-00C04F79EFBC}") = "Projet", "Projet\Projet.csproj", "{9AEA6476-762E-4A39-A9BB-58B5C673FC42}"
EndProject
Global
	GlobalSection(SolutionConfigurationPlatforms) = preSolution
		Debug|Any CPU = Debug|Any CPU
		Debug|x64 = Debug|x64
		Release|Any CPU = Release|Any CPU
		Release|x64 = Release|x64
	EndGlobalSection
	GlobalSection(ProjectConfigurationPlatforms) = postSolution
		{9AEA6476-762E-4A39-A9BB-58B5C673FC42}.Debug|Any CPU.ActiveCfg = Debug|Any CPU
		{9AEA6476-762E-4A39-A9BB-58B5C673FC42}.Debug|Any CPU.Build.0 = Debug|Any CPU
		{9AEA6476-762E-4A39-A9BB-58B5C673FC42}.Debug|x64.ActiveCfg = Debug|x64
		{9AEA6476-762E-4A39-A9BB-58B5C673FC42}.Debug|x64.Build.0 = Debug|x64
		{9AEA6476-762E-4A39-A9BB-58B5C673FC42}.Release|Any CPU.ActiveCfg = Release|Any CPU
		{9AEA6476-762E-4A39-A9BB-58B5C673FC42}.Release|Any CPU.Build.0 = Release|Any CPU
		{9AEA6476-762E-4A39-A9BB-58B5C673FC42}.Release|x64.ActiveCfg = Release|x64
		{9AEA6476-762E-4A39-A9BB-58B5C673FC42}.Release|x64.Build.0 = Release|x64
	EndGlobalSection
	GlobalSection(SolutionProperties) = preSolution
		HideSolutionNode = FALSE
	EndGlobalSection
	GlobalSection(ExtensibilityGlobals) = postSolution
		SolutionGuid = {20C1971A-82A3-41A7-B67D-C4687DA669DC}
	EndGlobalSection
EndGlobal
